dependencies:
- name: elasticsearch
  repository: https://helm.elastic.co/
  version: 7.17.3
- name: kibana
  repository: https://helm.elastic.co/
  version: 7.17.3
- name: minio
  repository: https://charts.min.io/
  version: 5.0.12
digest: sha256:8070b2dd0cf252960f97de36a43e8e1924e04305f225f04dca34589298c90536
generated: "2025-06-07T04:22:56.451055572Z"
